# This file is automatically @generated by Poetry 1.6.1 and should not be changed by hand.

[[package]]
name = "annotated-types"
version = "0.6.0"
description = "Reusable constraint types to use with typing.Annotated"
optional = false
python-versions = ">=3.8"
files = [
    {file = "annotated_types-0.6.0-py3-none-any.whl", hash = "sha256:0641064de18ba7a25dee8f96403ebc39113d0cb953a01429249d5c7564666a43"},
    {file = "annotated_types-0.6.0.tar.gz", hash = "sha256:563339e807e53ffd9c267e99fc6d9ea23eb8443c08f112651963e24e22f84a5d"},
]

[[package]]
name = "anyio"
version = "3.7.1"
description = "High level compatibility layer for multiple asynchronous event loop implementations"
optional = false
python-versions = ">=3.7"
files = [
    {file = "anyio-3.7.1-py3-none-any.whl", hash = "sha256:91dee416e570e92c64041bd18b900d1d6fa78dff7048769ce5ac5ddad004fbb5"},
    {file = "anyio-3.7.1.tar.gz", hash = "sha256:44a3c9aba0f5defa43261a8b3efb97891f2bd7d804e0e1f56419befa1adfc780"},
]

[package.dependencies]
idna = ">=2.8"
sniffio = ">=1.1"

[package.extras]
doc = ["Sphinx", "packaging", "sphinx-autodoc-typehints (>=1.2.0)", "sphinx-rtd-theme (>=1.2.2)", "sphinxcontrib-jquery"]
test = ["anyio[trio]", "coverage[toml] (>=4.5)", "hypothesis (>=4.0)", "mock (>=4)", "psutil (>=5.9)", "pytest (>=7.0)", "pytest-mock (>=3.6.1)", "trustme", "uvloop (>=0.17)"]
trio = ["trio (<0.22)"]

[[package]]
name = "certifi"
version = "2023.7.22"
description = "Python package for providing Mozilla's CA Bundle."
optional = false
python-versions = ">=3.6"
files = [
    {file = "certifi-2023.7.22-py3-none-any.whl", hash = "sha256:92d6037539857d8206b8f6ae472e8b77db8058fec5937a1ef3f54304089edbb9"},
    {file = "certifi-2023.7.22.tar.gz", hash = "sha256:539cc1d13202e33ca466e88b2807e29f4c13049d6d87031a3c110744495cb082"},
]

[[package]]
name = "colorama"
version = "0.4.6"
description = "Cross-platform colored terminal text."
optional = false
python-versions = "!=3.0.*,!=3.1.*,!=3.2.*,!=3.3.*,!=3.4.*,!=3.5.*,!=3.6.*,>=2.7"
files = [
    {file = "colorama-0.4.6-py2.py3-none-any.whl", hash = "sha256:4f1d9991f5acc0ca119f9d443620b77f9d6b33703e51011c16baf57afb285fc6"},
    {file = "colorama-0.4.6.tar.gz", hash = "sha256:08695f5cb7ed6e0531a20572697297273c47b8cae5a63ffc6d6ed5c201be6e44"},
]

[[package]]
name = "distro"
version = "1.8.0"
description = "Distro - an OS platform information API"
optional = false
python-versions = ">=3.6"
files = [
    {file = "distro-1.8.0-py3-none-any.whl", hash = "sha256:99522ca3e365cac527b44bde033f64c6945d90eb9f769703caaec52b09bbd3ff"},
    {file = "distro-1.8.0.tar.gz", hash = "sha256:02e111d1dc6a50abb8eed6bf31c3e48ed8b0830d1ea2a1b78c61765c2513fdd8"},
]

[[package]]
name = "h11"
version = "0.14.0"
description = "A pure-Python, bring-your-own-I/O implementation of HTTP/1.1"
optional = false
python-versions = ">=3.7"
files = [
    {file = "h11-0.14.0-py3-none-any.whl", hash = "sha256:e3fe4ac4b851c468cc8363d500db52c2ead036020723024a109d37346efaa761"},
    {file = "h11-0.14.0.tar.gz", hash = "sha256:8f19fbbe99e72420ff35c00b27a34cb9937e902a8b810e2c88300c6f0a3b699d"},
]

[[package]]
name = "httpcore"
version = "1.0.2"
description = "A minimal low-level HTTP client."
optional = false
python-versions = ">=3.8"
files = [
    {file = "httpcore-1.0.2-py3-none-any.whl", hash = "sha256:096cc05bca73b8e459a1fc3dcf585148f63e534eae4339559c9b8a8d6399acc7"},
    {file = "httpcore-1.0.2.tar.gz", hash = "sha256:9fc092e4799b26174648e54b74ed5f683132a464e95643b226e00c2ed2fa6535"},
]

[package.dependencies]
certifi = "*"
h11 = ">=0.13,<0.15"

[package.extras]
asyncio = ["anyio (>=4.0,<5.0)"]
http2 = ["h2 (>=3,<5)"]
socks = ["socksio (==1.*)"]
trio = ["trio (>=0.22.0,<0.23.0)"]

[[package]]
name = "httpx"
version = "0.25.1"
description = "The next generation HTTP client."
optional = false
python-versions = ">=3.8"
files = [
    {file = "httpx-0.25.1-py3-none-any.whl", hash = "sha256:fec7d6cc5c27c578a391f7e87b9aa7d3d8fbcd034f6399f9f79b45bcc12a866a"},
    {file = "httpx-0.25.1.tar.gz", hash = "sha256:ffd96d5cf901e63863d9f1b4b6807861dbea4d301613415d9e6e57ead15fc5d0"},
]

[package.dependencies]
anyio = "*"
certifi = "*"
httpcore = "*"
idna = "*"
sniffio = "*"

[package.extras]
brotli = ["brotli", "brotlicffi"]
cli = ["click (==8.*)", "pygments (==2.*)", "rich (>=10,<14)"]
http2 = ["h2 (>=3,<5)"]
socks = ["socksio (==1.*)"]

[[package]]
name = "idna"
version = "3.4"
description = "Internationalized Domain Names in Applications (IDNA)"
optional = false
python-versions = ">=3.5"
files = [
    {file = "idna-3.4-py3-none-any.whl", hash = "sha256:90b77e79eaa3eba6de819a0c442c0b4ceefc341a7a2ab77d7562bf49f425c5c2"},
    {file = "idna-3.4.tar.gz", hash = "sha256:814f528e8dead7d329833b91c5faa87d60bf71824cd12a7530b5526063d02cb4"},
]

[[package]]
name = "openai"
version = "1.2.4"
description = "The official Python library for the openai API"
optional = false
python-versions = ">=3.7.1"
files = [
    {file = "openai-1.2.4-py3-none-any.whl", hash = "sha256:53927a2ca276eec0a0efdc1ae829f74a51f49b7d3e14cc6f820aeafb0abfd802"},
    {file = "openai-1.2.4.tar.gz", hash = "sha256:d99a474049376be431d9b4dec3a5c895dd76e19165748c5944e80b7905d1b1ff"},
]

[package.dependencies]
anyio = ">=3.5.0,<4"
distro = ">=1.7.0,<2"
httpx = ">=0.23.0,<1"
pydantic = ">=1.9.0,<3"
tqdm = ">4"
typing-extensions = ">=4.5,<5"

[package.extras]
datalib = ["numpy (>=1)", "pandas (>=1.2.3)", "pandas-stubs (>=1.1.0.11)"]

[[package]]
name = "pydantic"
version = "2.5.0"
description = "Data validation using Python type hints"
optional = false
python-versions = ">=3.7"
files = [
    {file = "pydantic-2.5.0-py3-none-any.whl", hash = "sha256:7ce6e766c456ad026fe5712f7bcf036efc34bd5d107b3e669ef7ea01b3a9050c"},
    {file = "pydantic-2.5.0.tar.gz", hash = "sha256:69bd6fb62d2d04b7055f59a396993486a2ee586c43a0b89231ce0000de07627c"},
]

[package.dependencies]
annotated-types = ">=0.4.0"
pydantic-core = "2.14.1"
typing-extensions = ">=4.6.1"

[package.extras]
email = ["email-validator (>=2.0.0)"]

[[package]]
name = "pydantic-core"
version = "2.14.1"
description = ""
optional = false
python-versions = ">=3.7"
files = [
    {file = "pydantic_core-2.14.1-cp310-cp310-macosx_10_7_x86_64.whl", hash = "sha256:812beca1dcb2b722cccc7e9c620bd972cbc323321194ec2725eab3222e6ac573"},
    {file = "pydantic_core-2.14.1-cp310-cp310-macosx_11_0_arm64.whl", hash = "sha256:a2ccdc53cb88e51c7d47d74c59630d7be844428f6b8d463055ffad6f0392d8da"},
    {file = "pydantic_core-2.14.1-cp310-cp310-manylinux_2_17_aarch64.manylinux2014_aarch64.whl", hash = "sha256:fd937733bf2fe7d6a8bf208c12741f1f730b7bf5636033877767a75093c29b8a"},
    {file = "pydantic_core-2.14.1-cp310-cp310-manylinux_2_17_armv7l.manylinux2014_armv7l.whl", hash = "sha256:581bb606a31749a00796f5257947a0968182d7fe91e1dada41f06aeb6bfbc91a"},
    {file = "pydantic_core-2.14.1-cp310-cp310-manylinux_2_17_ppc64le.manylinux2014_ppc64le.whl", hash = "sha256:aadf74a40a7ae49c3c1aa7d32334fe94f4f968e21dd948e301bb4ed431fb2412"},
    {file = "pydantic_core-2.14.1-cp310-cp310-manylinux_2_17_s390x.manylinux2014_s390x.whl", hash = "sha256:b89821a2c77cc1b8f2c1fc3aacd6a3ecc5df8f7e518dc3f18aef8c4dcf66003d"},
    {file = "pydantic_core-2.14.1-cp310-cp310-manylinux_2_17_x86_64.manylinux2014_x86_64.whl", hash = "sha256:49ee28d65f506b2858a60745cc974ed005298ebab12693646b97641dd7c99c35"},
    {file = "pydantic_core-2.14.1-cp310-cp310-manylinux_2_5_i686.manylinux1_i686.whl", hash = "sha256:97246f896b4df7fd84caa8a75a67abb95f94bc0b547665bf0889e3262b060399"},
    {file = "pydantic_core-2.14.1-cp310-cp310-musllinux_1_1_aarch64.whl", hash = "sha256:1185548665bc61bbab0dc78f10c8eafa0db0aa1e920fe9a451b77782b10a65cc"},
    {file = "pydantic_core-2.14.1-cp310-cp310-musllinux_1_1_x86_64.whl", hash = "sha256:2a7d08b39fac97540fba785fce3b21ee01a81f081a07a4d031efd791da6666f9"},
    {file = "pydantic_core-2.14.1-cp310-none-win32.whl", hash = "sha256:0a8c8daf4e3aa3aeb98e3638fc3d58a359738f3d12590b2474c6bb64031a0764"},
    {file = "pydantic_core-2.14.1-cp310-none-win_amd64.whl", hash = "sha256:4f0788699a92d604f348e9c1ac5e97e304e97127ba8325c7d0af88dcc7d35bd3"},
    {file = "pydantic_core-2.14.1-cp311-cp311-macosx_10_7_x86_64.whl", hash = "sha256:2be018a84995b6be1bbd40d6064395dbf71592a981169cf154c0885637f5f54a"},
    {file = "pydantic_core-2.14.1-cp311-cp311-macosx_11_0_arm64.whl", hash = "sha256:fc3227408808ba7df8e95eb1d8389f4ba2203bed8240b308de1d7ae66d828f24"},
    {file = "pydantic_core-2.14.1-cp311-cp311-manylinux_2_17_aarch64.manylinux2014_aarch64.whl", hash = "sha256:42d5d0e9bbb50481a049bd0203224b339d4db04006b78564df2b782e2fd16ebc"},
    {file = "pydantic_core-2.14.1-cp311-cp311-manylinux_2_17_armv7l.manylinux2014_armv7l.whl", hash = "sha256:bc6a4ea9f88a810cb65ccae14404da846e2a02dd5c0ad21dee712ff69d142638"},
    {file = "pydantic_core-2.14.1-cp311-cp311-manylinux_2_17_ppc64le.manylinux2014_ppc64le.whl", hash = "sha256:d312ad20e3c6d179cb97c42232b53111bcd8dcdd5c1136083db9d6bdd489bc73"},
    {file = "pydantic_core-2.14.1-cp311-cp311-manylinux_2_17_s390x.manylinux2014_s390x.whl", hash = "sha256:679cc4e184f213c8227862e57340d12fd4d4d19dc0e3ddb0f653f86f01e90f94"},
    {file = "pydantic_core-2.14.1-cp311-cp311-manylinux_2_17_x86_64.manylinux2014_x86_64.whl", hash = "sha256:101df420e954966868b8bc992aefed5fa71dd1f2755104da62ee247abab28e2f"},
    {file = "pydantic_core-2.14.1-cp311-cp311-manylinux_2_5_i686.manylinux1_i686.whl", hash = "sha256:c964c0cc443d6c08a2347c0e5c1fc2d85a272dc66c1a6f3cde4fc4843882ada4"},
    {file = "pydantic_core-2.14.1-cp311-cp311-musllinux_1_1_aarch64.whl", hash = "sha256:8276bbab68a9dbe721da92d19cbc061f76655248fe24fb63969d0c3e0e5755e7"},
    {file = "pydantic_core-2.14.1-cp311-cp311-musllinux_1_1_x86_64.whl", hash = "sha256:12163197fec7c95751a3c71b36dcc1909eed9959f011ffc79cc8170a6a74c826"},
    {file = "pydantic_core-2.14.1-cp311-none-win32.whl", hash = "sha256:b8ff0302518dcd001bd722bbe342919c29e5066c7eda86828fe08cdc112668b8"},
    {file = "pydantic_core-2.14.1-cp311-none-win_amd64.whl", hash = "sha256:59fa83873223f856d898452c6162a390af4297756f6ba38493a67533387d85d9"},
    {file = "pydantic_core-2.14.1-cp311-none-win_arm64.whl", hash = "sha256:798590d38c9381f07c48d13af1f1ef337cebf76ee452fcec5deb04aceced51c7"},
    {file = "pydantic_core-2.14.1-cp312-cp312-macosx_10_7_x86_64.whl", hash = "sha256:587d75aec9ae50d0d63788cec38bf13c5128b3fc1411aa4b9398ebac884ab179"},
    {file = "pydantic_core-2.14.1-cp312-cp312-macosx_11_0_arm64.whl", hash = "sha256:26242e3593d4929123615bd9365dd86ef79b7b0592d64a96cd11fd83c69c9f34"},
    {file = "pydantic_core-2.14.1-cp312-cp312-manylinux_2_17_aarch64.manylinux2014_aarch64.whl", hash = "sha256:5879ac4791508d8f0eb7dec71ff8521855180688dac0c55f8c99fc4d1a939845"},
    {file = "pydantic_core-2.14.1-cp312-cp312-manylinux_2_17_armv7l.manylinux2014_armv7l.whl", hash = "sha256:ad9ea86f5fc50f1b62c31184767fe0cacaa13b54fe57d38898c3776d30602411"},
    {file = "pydantic_core-2.14.1-cp312-cp312-manylinux_2_17_ppc64le.manylinux2014_ppc64le.whl", hash = "sha256:102ac85a775e77821943ae38da9634ddd774b37a8d407181b4f7b05cdfb36b55"},
    {file = "pydantic_core-2.14.1-cp312-cp312-manylinux_2_17_s390x.manylinux2014_s390x.whl", hash = "sha256:2459cc06572730e079ec1e694e8f68c99d977b40d98748ae72ff11ef21a56b0b"},
    {file = "pydantic_core-2.14.1-cp312-cp312-manylinux_2_17_x86_64.manylinux2014_x86_64.whl", hash = "sha256:217dcbfaf429a9b8f1d54eb380908b9c778e78f31378283b30ba463c21e89d5d"},
    {file = "pydantic_core-2.14.1-cp312-cp312-manylinux_2_5_i686.manylinux1_i686.whl", hash = "sha256:9d59e0d7cdfe8ed1d4fcd28aad09625c715dc18976c7067e37d8a11b06f4be3e"},
    {file = "pydantic_core-2.14.1-cp312-cp312-musllinux_1_1_aarch64.whl", hash = "sha256:e2be646a5155d408e68b560c0553e8a83dc7b9f90ec6e5a2fc3ff216719385db"},
    {file = "pydantic_core-2.14.1-cp312-cp312-musllinux_1_1_x86_64.whl", hash = "sha256:ffba979801e3931a19cd30ed2049450820effe8f152aaa317e2fd93795d318d7"},
    {file = "pydantic_core-2.14.1-cp312-none-win32.whl", hash = "sha256:132b40e479cb5cebbbb681f77aaceabbc8355df16c9124cff1d4060ada83cde2"},
    {file = "pydantic_core-2.14.1-cp312-none-win_amd64.whl", hash = "sha256:744b807fe2733b6da3b53e8ad93e8b3ea3ee3dfc3abece4dd2824cc1f39aa343"},
    {file = "pydantic_core-2.14.1-cp312-none-win_arm64.whl", hash = "sha256:24ba48f9d0b8d64fc5e42e1600366c3d7db701201294989aebdaca23110c02ab"},
    {file = "pydantic_core-2.14.1-cp37-cp37m-macosx_10_7_x86_64.whl", hash = "sha256:ba55d73a2df4771b211d0bcdea8b79454980a81ed34a1d77a19ddcc81f98c895"},
    {file = "pydantic_core-2.14.1-cp37-cp37m-macosx_11_0_arm64.whl", hash = "sha256:e905014815687d88cbb14bbc0496420526cf20d49f20606537d87646b70f1046"},
    {file = "pydantic_core-2.14.1-cp37-cp37m-manylinux_2_17_aarch64.manylinux2014_aarch64.whl", hash = "sha256:443dc5eede7fa76b2370213e0abe881eb17c96f7d694501853c11d5d56916602"},
    {file = "pydantic_core-2.14.1-cp37-cp37m-manylinux_2_17_armv7l.manylinux2014_armv7l.whl", hash = "sha256:abae6fd5504e5e438e4f6f739f8364fd9ff5a5cdca897e68363e2318af90bc28"},
    {file = "pydantic_core-2.14.1-cp37-cp37m-manylinux_2_17_ppc64le.manylinux2014_ppc64le.whl", hash = "sha256:9486e27bb3f137f33e2315be2baa0b0b983dae9e2f5f5395240178ad8e644728"},
    {file = "pydantic_core-2.14.1-cp37-cp37m-manylinux_2_17_s390x.manylinux2014_s390x.whl", hash = "sha256:69df82892ff00491d673b1929538efb8c8d68f534fdc6cb7fd3ac8a5852b9034"},
    {file = "pydantic_core-2.14.1-cp37-cp37m-manylinux_2_17_x86_64.manylinux2014_x86_64.whl", hash = "sha256:184ff7b30c3f60e1b775378c060099285fd4b5249271046c9005f8b247b39377"},
    {file = "pydantic_core-2.14.1-cp37-cp37m-manylinux_2_5_i686.manylinux1_i686.whl", hash = "sha256:3d5b2a4b3c10cad0615670cab99059441ff42e92cf793a0336f4bc611e895204"},
    {file = "pydantic_core-2.14.1-cp37-cp37m-musllinux_1_1_aarch64.whl", hash = "sha256:871c641a83719caaa856a11dcc61c5e5b35b0db888e1a0d338fe67ce744575e2"},
    {file = "pydantic_core-2.14.1-cp37-cp37m-musllinux_1_1_x86_64.whl", hash = "sha256:1e7208946ea9b27a8cef13822c339d4ae96e45952cc01fc4a91c7f1cb0ae2861"},
    {file = "pydantic_core-2.14.1-cp37-none-win32.whl", hash = "sha256:b4ff385a525017f5adf6066d7f9fb309f99ade725dcf17ed623dc7dce1f85d9f"},
    {file = "pydantic_core-2.14.1-cp37-none-win_amd64.whl", hash = "sha256:c7411cd06afeb263182e38c6ca5b4f5fe4f20d91466ad7db0cd6af453a02edec"},
    {file = "pydantic_core-2.14.1-cp38-cp38-macosx_10_7_x86_64.whl", hash = "sha256:2871daf5b2823bf77bf7d3d43825e5d904030c155affdf84b21a00a2e00821d2"},
    {file = "pydantic_core-2.14.1-cp38-cp38-macosx_11_0_arm64.whl", hash = "sha256:7977e261cac5f99873dc2c6f044315d09b19a71c4246560e1e67593889a90978"},
    {file = "pydantic_core-2.14.1-cp38-cp38-manylinux_2_17_aarch64.manylinux2014_aarch64.whl", hash = "sha256:e5a111f9158555582deadd202a60bd7803b6c68f406391b7cf6905adf0af6811"},
    {file = "pydantic_core-2.14.1-cp38-cp38-manylinux_2_17_armv7l.manylinux2014_armv7l.whl", hash = "sha256:ac417312bf6b7a0223ba73fb12e26b2854c93bf5b1911f7afef6d24c379b22aa"},
    {file = "pydantic_core-2.14.1-cp38-cp38-manylinux_2_17_ppc64le.manylinux2014_ppc64le.whl", hash = "sha256:c36987f5eb2a7856b5f5feacc3be206b4d1852a6ce799f6799dd9ffb0cba56ae"},
    {file = "pydantic_core-2.14.1-cp38-cp38-manylinux_2_17_s390x.manylinux2014_s390x.whl", hash = "sha256:c6e98227eb02623d57e1fd061788837834b68bb995a869565211b9abf3de4bf4"},
    {file = "pydantic_core-2.14.1-cp38-cp38-manylinux_2_17_x86_64.manylinux2014_x86_64.whl", hash = "sha256:023b6d7ec4e97890b28eb2ee24413e69a6d48de4e8b75123957edd5432f4eeb3"},
    {file = "pydantic_core-2.14.1-cp38-cp38-manylinux_2_5_i686.manylinux1_i686.whl", hash = "sha256:6015beb28deb5306049ecf2519a59627e9e050892927850a884df6d5672f8c7d"},
    {file = "pydantic_core-2.14.1-cp38-cp38-musllinux_1_1_aarch64.whl", hash = "sha256:3f48d4afd973abbd65266ac24b24de1591116880efc7729caf6b6b94a9654c9e"},
    {file = "pydantic_core-2.14.1-cp38-cp38-musllinux_1_1_x86_64.whl", hash = "sha256:28734bcfb8fc5b03293dec5eb5ea73b32ff767f6ef79a31f6e41dad2f5470270"},
    {file = "pydantic_core-2.14.1-cp38-none-win32.whl", hash = "sha256:3303113fdfaca927ef11e0c5f109e2ec196c404f9d7ba5f8ddb63cdf287ea159"},
    {file = "pydantic_core-2.14.1-cp38-none-win_amd64.whl", hash = "sha256:144f2c1d5579108b6ed1193fcc9926124bd4142b0f7020a7744980d1235c8a40"},
    {file = "pydantic_core-2.14.1-cp39-cp39-macosx_10_7_x86_64.whl", hash = "sha256:893bf4fb9bfb9c4639bc12f3de323325ada4c6d60e478d5cded65453e9364890"},
    {file = "pydantic_core-2.14.1-cp39-cp39-macosx_11_0_arm64.whl", hash = "sha256:052d8731aaf844f91fe4cd3faf28983b109a5865b3a256ec550b80a5689ead87"},
    {file = "pydantic_core-2.14.1-cp39-cp39-manylinux_2_17_aarch64.manylinux2014_aarch64.whl", hash = "sha256:bb1c6ecb53e4b907ee8486f453dd940b8cbb509946e2b671e3bf807d310a96fc"},
    {file = "pydantic_core-2.14.1-cp39-cp39-manylinux_2_17_armv7l.manylinux2014_armv7l.whl", hash = "sha256:94cf6d0274eb899d39189144dcf52814c67f9b0fd196f211420d9aac793df2da"},
    {file = "pydantic_core-2.14.1-cp39-cp39-manylinux_2_17_ppc64le.manylinux2014_ppc64le.whl", hash = "sha256:36c3bf96f803e207a80dbcb633d82b98ff02a9faa76dd446e969424dec8e2b9f"},
    {file = "pydantic_core-2.14.1-cp39-cp39-manylinux_2_17_s390x.manylinux2014_s390x.whl", hash = "sha256:fb290491f1f0786a7da4585250f1feee200fc17ff64855bdd7c42fb54526fa29"},
    {file = "pydantic_core-2.14.1-cp39-cp39-manylinux_2_17_x86_64.manylinux2014_x86_64.whl", hash = "sha256:6590ed9d13eb51b28ea17ddcc6c8dbd6050b4eb589d497105f0e13339f223b72"},
    {file = "pydantic_core-2.14.1-cp39-cp39-manylinux_2_5_i686.manylinux1_i686.whl", hash = "sha256:69cd74e55a5326d920e7b46daa2d81c2bdb8bcf588eafb2330d981297b742ddc"},
    {file = "pydantic_core-2.14.1-cp39-cp39-musllinux_1_1_aarch64.whl", hash = "sha256:d965bdb50725a805b083f5f58d05669a85705f50a6a864e31b545c589290ee31"},
    {file = "pydantic_core-2.14.1-cp39-cp39-musllinux_1_1_x86_64.whl", hash = "sha256:ca942a2dc066ca5e04c27feaa8dfb9d353ddad14c6641660c565149186095343"},
    {file = "pydantic_core-2.14.1-cp39-none-win32.whl", hash = "sha256:72c2ef3787c3b577e5d6225d73a77167b942d12cef3c1fbd5e74e55b7f881c36"},
    {file = "pydantic_core-2.14.1-cp39-none-win_amd64.whl", hash = "sha256:55713d155da1e508083c4b08d0b1ad2c3054f68b8ef7eb3d3864822e456f0bb5"},
    {file = "pydantic_core-2.14.1-pp310-pypy310_pp73-macosx_10_7_x86_64.whl", hash = "sha256:53efe03cc383a83660cfdda6a3cb40ee31372cedea0fde0b2a2e55e838873ab6"},
    {file = "pydantic_core-2.14.1-pp310-pypy310_pp73-macosx_11_0_arm64.whl", hash = "sha256:f523e116879bc6714e61d447ce934676473b068069dce6563ea040381dc7a257"},
    {file = "pydantic_core-2.14.1-pp310-pypy310_pp73-manylinux_2_17_aarch64.manylinux2014_aarch64.whl", hash = "sha256:85bb66d661be51b2cba9ca06759264b3469d2dbb53c3e6effb3f05fec6322be6"},
    {file = "pydantic_core-2.14.1-pp310-pypy310_pp73-manylinux_2_5_i686.manylinux1_i686.whl", hash = "sha256:f53a3ccdc30234cb4342cec541e3e6ed87799c7ca552f0b5f44e3967a5fed526"},
    {file = "pydantic_core-2.14.1-pp310-pypy310_pp73-musllinux_1_1_aarch64.whl", hash = "sha256:1bfb63821ada76719ffcd703fc40dd57962e0d8c253e3c565252e6de6d3e0bc6"},
    {file = "pydantic_core-2.14.1-pp310-pypy310_pp73-musllinux_1_1_x86_64.whl", hash = "sha256:e2c689439f262c29cf3fcd5364da1e64d8600facecf9eabea8643b8755d2f0de"},
    {file = "pydantic_core-2.14.1-pp310-pypy310_pp73-win_amd64.whl", hash = "sha256:a15f6e5588f7afb7f6fc4b0f4ff064749e515d34f34c666ed6e37933873d8ad8"},
    {file = "pydantic_core-2.14.1-pp37-pypy37_pp73-macosx_10_7_x86_64.whl", hash = "sha256:f1a30eef060e21af22c7d23349f1028de0611f522941c80efa51c05a63142c62"},
    {file = "pydantic_core-2.14.1-pp37-pypy37_pp73-manylinux_2_17_aarch64.manylinux2014_aarch64.whl", hash = "sha256:16f4a7e1ec6b3ea98a1e108a2739710cd659d68b33fbbeaba066202cab69c7b6"},
    {file = "pydantic_core-2.14.1-pp37-pypy37_pp73-manylinux_2_5_i686.manylinux1_i686.whl", hash = "sha256:fd80a2d383940eec3db6a5b59d1820f947317acc5c75482ff8d79bf700f8ad6a"},
    {file = "pydantic_core-2.14.1-pp37-pypy37_pp73-musllinux_1_1_aarch64.whl", hash = "sha256:a68a36d71c7f638dda6c9e6b67f6aabf3fa1471b198d246457bfdc7c777cdeb7"},
    {file = "pydantic_core-2.14.1-pp37-pypy37_pp73-musllinux_1_1_x86_64.whl", hash = "sha256:ebc79120e105e4bcd7865f369e3b9dbabb0d492d221e1a7f62a3e8e292550278"},
    {file = "pydantic_core-2.14.1-pp38-pypy38_pp73-macosx_10_7_x86_64.whl", hash = "sha256:c8c466facec2ccdf025b0b1455b18f2c3d574d5f64d24df905d3d7b8f05d5f4e"},
    {file = "pydantic_core-2.14.1-pp38-pypy38_pp73-macosx_11_0_arm64.whl", hash = "sha256:b91b5ec423e88caa16777094c4b2b97f11453283e7a837e5e5e1b886abba1251"},
    {file = "pydantic_core-2.14.1-pp38-pypy38_pp73-manylinux_2_17_aarch64.manylinux2014_aarch64.whl", hash = "sha256:130e49aa0cb316f743bc7792c36aefa39fc2221312f1d4b333b19edbdd71f2b1"},
    {file = "pydantic_core-2.14.1-pp38-pypy38_pp73-manylinux_2_5_i686.manylinux1_i686.whl", hash = "sha256:f483467c046f549572f8aca3b7128829e09ae3a9fe933ea421f7cb7c58120edb"},
    {file = "pydantic_core-2.14.1-pp38-pypy38_pp73-musllinux_1_1_aarch64.whl", hash = "sha256:dee4682bd7947afc682d342a8d65ad1834583132383f8e801601a8698cb8d17a"},
    {file = "pydantic_core-2.14.1-pp38-pypy38_pp73-musllinux_1_1_x86_64.whl", hash = "sha256:8d927d042c0ef04607ee7822828b208ab045867d20477ec6593d612156798547"},
    {file = "pydantic_core-2.14.1-pp38-pypy38_pp73-win_amd64.whl", hash = "sha256:5a1570875eb0d1479fb2270ed80c88c231aaaf68b0c3f114f35e7fb610435e4f"},
    {file = "pydantic_core-2.14.1-pp39-pypy39_pp73-macosx_10_7_x86_64.whl", hash = "sha256:cb2fd3ab67558eb16aecfb4f2db4febb4d37dc74e6b8613dc2e7160fb58158a9"},
    {file = "pydantic_core-2.14.1-pp39-pypy39_pp73-macosx_11_0_arm64.whl", hash = "sha256:a7991f25b98038252363a03e6a9fe92e60fe390fda2631d238dc3b0e396632f8"},
    {file = "pydantic_core-2.14.1-pp39-pypy39_pp73-manylinux_2_17_aarch64.manylinux2014_aarch64.whl", hash = "sha256:5b45b7be9f99991405ecd6f6172fb6798908a8097106ae78d5cc5cc15121bad9"},
    {file = "pydantic_core-2.14.1-pp39-pypy39_pp73-manylinux_2_5_i686.manylinux1_i686.whl", hash = "sha256:51506e7652a2ef1d1cf763c4b51b972ff4568d1dddc96ca83931a6941f5e6389"},
    {file = "pydantic_core-2.14.1-pp39-pypy39_pp73-musllinux_1_1_aarch64.whl", hash = "sha256:66dc0e63349ec39c1ea66622aa5c2c1f84382112afd3ab2fa0cca4fb01f7db39"},
    {file = "pydantic_core-2.14.1-pp39-pypy39_pp73-musllinux_1_1_x86_64.whl", hash = "sha256:8e17f0c3ba4cb07faa0038a59ce162de584ed48ba645c8d05a5de1e40d4c21e7"},
    {file = "pydantic_core-2.14.1-pp39-pypy39_pp73-win_amd64.whl", hash = "sha256:d983222223f63e323a5f497f5b85e211557a5d8fb670dc88f343784502b466ba"},
    {file = "pydantic_core-2.14.1.tar.gz", hash = "sha256:0d82a6ee815388a362885186e431fac84c7a06623bc136f508e9f88261d8cadb"},
]

[package.dependencies]
typing-extensions = ">=4.6.0,<4.7.0 || >4.7.0"

[[package]]
name = "python-dotenv"
version = "1.0.0"
description = "Read key-value pairs from a .env file and set them as environment variables"
optional = false
python-versions = ">=3.8"
files = [
    {file = "python-dotenv-1.0.0.tar.gz", hash = "sha256:a8df96034aae6d2d50a4ebe8216326c61c3eb64836776504fcca410e5937a3ba"},
    {file = "python_dotenv-1.0.0-py3-none-any.whl", hash = "sha256:f5971a9226b701070a4bf2c38c89e5a3f0d64de8debda981d1db98583009122a"},
]

[package.extras]
cli = ["click (>=5.0)"]

[[package]]
name = "sniffio"
version = "1.3.0"
description = "Sniff out which async library your code is running under"
optional = false
python-versions = ">=3.7"
files = [
    {file = "sniffio-1.3.0-py3-none-any.whl", hash = "sha256:eecefdce1e5bbfb7ad2eeaabf7c1eeb404d7757c379bd1f7e5cce9d8bf425384"},
    {file = "sniffio-1.3.0.tar.gz", hash = "sha256:e60305c5e5d314f5389259b7f22aaa33d8f7dee49763119234af3755c55b9101"},
]

[[package]]
name = "tqdm"
version = "4.66.1"
description = "Fast, Extensible Progress Meter"
optional = false
python-versions = ">=3.7"
files = [
    {file = "tqdm-4.66.1-py3-none-any.whl", hash = "sha256:d302b3c5b53d47bce91fea46679d9c3c6508cf6332229aa1e7d8653723793386"},
    {file = "tqdm-4.66.1.tar.gz", hash = "sha256:d88e651f9db8d8551a62556d3cff9e3034274ca5d66e93197cf2490e2dcb69c7"},
]

[package.dependencies]
colorama = {version = "*", markers = "platform_system == \"Windows\""}

[package.extras]
dev = ["pytest (>=6)", "pytest-cov", "pytest-timeout", "pytest-xdist"]
notebook = ["ipywidgets (>=6)"]
slack = ["slack-sdk"]
telegram = ["requests"]

[[package]]
name = "typing-extensions"
version = "4.8.0"
description = "Backported and Experimental Type Hints for Python 3.8+"
optional = false
python-versions = ">=3.8"
files = [
    {file = "typing_extensions-4.8.0-py3-none-any.whl", hash = "sha256:8f92fc8806f9a6b641eaa5318da32b44d401efaac0f6678c9bc448ba3605faa0"},
    {file = "typing_extensions-4.8.0.tar.gz", hash = "sha256:df8e4339e9cb77357558cbdbceca33c303714cf861d1eef15e1070055ae8b7ef"},
]

[metadata]
lock-version = "2.0"
python-versions = "^3.12"
content-hash = "46da1208794d1a9ec07f7bd921bd494ad434100cf37f8134cb887f018d499c7f"
